// !$*UTF8*$!
{
	archiveVersion = 1;
	classes = {
	};
	objectVersion = 51;
	objects = {

/* Begin PBXBuildFile section */
		2303B0AB291D2E7475D284E8 /* Pods_github_bests.framework in Frameworks */ = {isa = PBXBuildFile; fileRef = 85EEBD0732C4ECCD1D541591 /* Pods_github_bests.framework */; };
		4B44045D22F7859F00FADF6F /* Encodable.swift in Sources */ = {isa = PBXBuildFile; fileRef = 4B44045C22F7859F00FADF6F /* Encodable.swift */; };
		4B5AE9FB22F8832800EA48C9 /* page1.json in Resources */ = {isa = PBXBuildFile; fileRef = 4B5AE9F322F7B23300EA48C9 /* page1.json */; };
		4B5AE9FD22F8836100EA48C9 /* RepositoryListViewControllerTests.swift in Sources */ = {isa = PBXBuildFile; fileRef = 4B5AE9FC22F8836100EA48C9 /* RepositoryListViewControllerTests.swift */; };
		4B5AE9FE22F88E8B00EA48C9 /* SearchAPIMock.swift in Sources */ = {isa = PBXBuildFile; fileRef = 4BB4E2C422F677A300776D41 /* SearchAPIMock.swift */; };
		4B6457A422F7A0D300CF4BA9 /* GeneratedMocks.swift in Sources */ = {isa = PBXBuildFile; fileRef = 4BB4E2BA22F66FB200776D41 /* GeneratedMocks.swift */; };
		4BA00F7922F75A8500F41FC5 /* KIF+Swift.swift in Sources */ = {isa = PBXBuildFile; fileRef = 4BA00F7822F75A8500F41FC5 /* KIF+Swift.swift */; };
		4BADA98F22F737B4009F1316 /* RepositoryCellTests.swift in Sources */ = {isa = PBXBuildFile; fileRef = 4BADA98E22F737B4009F1316 /* RepositoryCellTests.swift */; };
		4BB4E2A722F5FC4900776D41 /* HTTPClient.swift in Sources */ = {isa = PBXBuildFile; fileRef = 4BB4E2A622F5FC4900776D41 /* HTTPClient.swift */; };
		4BB4E2AB22F5FE1B00776D41 /* Data+Parse.swift in Sources */ = {isa = PBXBuildFile; fileRef = 4BB4E2AA22F5FE1B00776D41 /* Data+Parse.swift */; };
		4BB4E2AD22F5FFA100776D41 /* SearchAPIDataSource.swift in Sources */ = {isa = PBXBuildFile; fileRef = 4BB4E2AC22F5FFA100776D41 /* SearchAPIDataSource.swift */; };
		4BB4E2AF22F5FFAA00776D41 /* SearchAPI.swift in Sources */ = {isa = PBXBuildFile; fileRef = 4BB4E2AE22F5FFAA00776D41 /* SearchAPI.swift */; };
		4BB4E2B222F603C800776D41 /* BaseDisplayLogic.swift in Sources */ = {isa = PBXBuildFile; fileRef = 4BB4E2B122F603C800776D41 /* BaseDisplayLogic.swift */; };
		4BB4E2B422F6374300776D41 /* BaseResults.swift in Sources */ = {isa = PBXBuildFile; fileRef = 4BB4E2B322F6374300776D41 /* BaseResults.swift */; };
		4BB4E2B622F6530B00776D41 /* UIView.swift in Sources */ = {isa = PBXBuildFile; fileRef = 4BB4E2B522F6530B00776D41 /* UIView.swift */; };
		4BB4E2C322F6733300776D41 /* RepositoryListInteractorTests.swift in Sources */ = {isa = PBXBuildFile; fileRef = 4BB4E2C222F6733300776D41 /* RepositoryListInteractorTests.swift */; };
		4BB4E2C522F677A300776D41 /* SearchAPIMock.swift in Sources */ = {isa = PBXBuildFile; fileRef = 4BB4E2C422F677A300776D41 /* SearchAPIMock.swift */; };
		4BB4E2C722F72A0200776D41 /* RepositoryListPresenterTests.swift in Sources */ = {isa = PBXBuildFile; fileRef = 4BB4E2C622F72A0200776D41 /* RepositoryListPresenterTests.swift */; };
		4BF88E6322F44D12002523A8 /* AppDelegate.swift in Sources */ = {isa = PBXBuildFile; fileRef = 4BF88E6222F44D12002523A8 /* AppDelegate.swift */; };
		4BF88E6822F44D12002523A8 /* Main.storyboard in Resources */ = {isa = PBXBuildFile; fileRef = 4BF88E6622F44D12002523A8 /* Main.storyboard */; };
		4BF88E6A22F44D13002523A8 /* Assets.xcassets in Resources */ = {isa = PBXBuildFile; fileRef = 4BF88E6922F44D13002523A8 /* Assets.xcassets */; };
		4BF88E6D22F44D13002523A8 /* LaunchScreen.storyboard in Resources */ = {isa = PBXBuildFile; fileRef = 4BF88E6B22F44D13002523A8 /* LaunchScreen.storyboard */; };
		4BF88E9222F44E68002523A8 /* Repository.swift in Sources */ = {isa = PBXBuildFile; fileRef = 4BF88E9122F44E68002523A8 /* Repository.swift */; };
		4BF88E9522F44EEE002523A8 /* LoadingView.swift in Sources */ = {isa = PBXBuildFile; fileRef = 4BF88E9422F44EEE002523A8 /* LoadingView.swift */; };
		4BF88E9822F44F10002523A8 /* RepositoryCell.swift in Sources */ = {isa = PBXBuildFile; fileRef = 4BF88E9722F44F10002523A8 /* RepositoryCell.swift */; };
		4BF88EA422F45379002523A8 /* RepositoryListPresenter.swift in Sources */ = {isa = PBXBuildFile; fileRef = 4BF88E9E22F45379002523A8 /* RepositoryListPresenter.swift */; };
		4BF88EA522F45379002523A8 /* RepositoryListWorker.swift in Sources */ = {isa = PBXBuildFile; fileRef = 4BF88E9F22F45379002523A8 /* RepositoryListWorker.swift */; };
		4BF88EA722F45379002523A8 /* RepositoryListModels.swift in Sources */ = {isa = PBXBuildFile; fileRef = 4BF88EA122F45379002523A8 /* RepositoryListModels.swift */; };
		4BF88EA822F45379002523A8 /* RepositoryListViewController.swift in Sources */ = {isa = PBXBuildFile; fileRef = 4BF88EA222F45379002523A8 /* RepositoryListViewController.swift */; };
		4BF88EA922F45379002523A8 /* RepositoryListInteractor.swift in Sources */ = {isa = PBXBuildFile; fileRef = 4BF88EA322F45379002523A8 /* RepositoryListInteractor.swift */; };
		F0C41A2562959ED504B63DC5 /* Pods_github_bestsTests.framework in Frameworks */ = {isa = PBXBuildFile; fileRef = 73BE42780E384184888B4177 /* Pods_github_bestsTests.framework */; };
/* End PBXBuildFile section */

/* Begin PBXContainerItemProxy section */
		4BF88E7422F44D13002523A8 /* PBXContainerItemProxy */ = {
			isa = PBXContainerItemProxy;
			containerPortal = 4BF88E5722F44D12002523A8 /* Project object */;
			proxyType = 1;
			remoteGlobalIDString = 4BF88E5E22F44D12002523A8;
			remoteInfo = "github-bests";
		};
/* End PBXContainerItemProxy section */

/* Begin PBXFileReference section */
		076659AC230850C272E852CD /* Pods-github-bestsIntegrationTests.release.xcconfig */ = {isa = PBXFileReference; includeInIndex = 1; lastKnownFileType = text.xcconfig; name = "Pods-github-bestsIntegrationTests.release.xcconfig"; path = "Target Support Files/Pods-github-bestsIntegrationTests/Pods-github-bestsIntegrationTests.release.xcconfig"; sourceTree = "<group>"; };
		07DFFDD222B35A1D04B7803F /* Pods-github-bestsTests.debug.xcconfig */ = {isa = PBXFileReference; includeInIndex = 1; lastKnownFileType = text.xcconfig; name = "Pods-github-bestsTests.debug.xcconfig"; path = "Target Support Files/Pods-github-bestsTests/Pods-github-bestsTests.debug.xcconfig"; sourceTree = "<group>"; };
		2AB9F7D1D1B896CF2E8D1E57 /* Pods-github-bests.release.xcconfig */ = {isa = PBXFileReference; includeInIndex = 1; lastKnownFileType = text.xcconfig; name = "Pods-github-bests.release.xcconfig"; path = "Target Support Files/Pods-github-bests/Pods-github-bests.release.xcconfig"; sourceTree = "<group>"; };
		2F03AB571D0F7402C7E60C9B /* Pods_github_bestsIntegrationTests.framework */ = {isa = PBXFileReference; explicitFileType = wrapper.framework; includeInIndex = 0; path = Pods_github_bestsIntegrationTests.framework; sourceTree = BUILT_PRODUCTS_DIR; };
		37B9E062B4A229C9F030CBAB /* Pods-github-bestsUITests.debug.xcconfig */ = {isa = PBXFileReference; includeInIndex = 1; lastKnownFileType = text.xcconfig; name = "Pods-github-bestsUITests.debug.xcconfig"; path = "Target Support Files/Pods-github-bestsUITests/Pods-github-bestsUITests.debug.xcconfig"; sourceTree = "<group>"; };
		438715B2DC85E8592898ECCE /* Pods-github-bests.debug.xcconfig */ = {isa = PBXFileReference; includeInIndex = 1; lastKnownFileType = text.xcconfig; name = "Pods-github-bests.debug.xcconfig"; path = "Target Support Files/Pods-github-bests/Pods-github-bests.debug.xcconfig"; sourceTree = "<group>"; };
		4B44045C22F7859F00FADF6F /* Encodable.swift */ = {isa = PBXFileReference; lastKnownFileType = sourcecode.swift; path = Encodable.swift; sourceTree = "<group>"; };
		4B5AE9F322F7B23300EA48C9 /* page1.json */ = {isa = PBXFileReference; fileEncoding = 4; lastKnownFileType = text.json; path = page1.json; sourceTree = "<group>"; };
		4B5AE9FC22F8836100EA48C9 /* RepositoryListViewControllerTests.swift */ = {isa = PBXFileReference; lastKnownFileType = sourcecode.swift; path = RepositoryListViewControllerTests.swift; sourceTree = "<group>"; };
		4BA00F7822F75A8500F41FC5 /* KIF+Swift.swift */ = {isa = PBXFileReference; lastKnownFileType = sourcecode.swift; path = "KIF+Swift.swift"; sourceTree = "<group>"; };
		4BADA98E22F737B4009F1316 /* RepositoryCellTests.swift */ = {isa = PBXFileReference; lastKnownFileType = sourcecode.swift; path = RepositoryCellTests.swift; sourceTree = "<group>"; };
		4BB4E2A622F5FC4900776D41 /* HTTPClient.swift */ = {isa = PBXFileReference; lastKnownFileType = sourcecode.swift; path = HTTPClient.swift; sourceTree = "<group>"; };
		4BB4E2AA22F5FE1B00776D41 /* Data+Parse.swift */ = {isa = PBXFileReference; lastKnownFileType = sourcecode.swift; path = "Data+Parse.swift"; sourceTree = "<group>"; };
		4BB4E2AC22F5FFA100776D41 /* SearchAPIDataSource.swift */ = {isa = PBXFileReference; lastKnownFileType = sourcecode.swift; path = SearchAPIDataSource.swift; sourceTree = "<group>"; };
		4BB4E2AE22F5FFAA00776D41 /* SearchAPI.swift */ = {isa = PBXFileReference; lastKnownFileType = sourcecode.swift; path = SearchAPI.swift; sourceTree = "<group>"; };
		4BB4E2B122F603C800776D41 /* BaseDisplayLogic.swift */ = {isa = PBXFileReference; lastKnownFileType = sourcecode.swift; path = BaseDisplayLogic.swift; sourceTree = "<group>"; };
		4BB4E2B322F6374300776D41 /* BaseResults.swift */ = {isa = PBXFileReference; lastKnownFileType = sourcecode.swift; path = BaseResults.swift; sourceTree = "<group>"; };
		4BB4E2B522F6530B00776D41 /* UIView.swift */ = {isa = PBXFileReference; lastKnownFileType = sourcecode.swift; path = UIView.swift; sourceTree = "<group>"; };
		4BB4E2BA22F66FB200776D41 /* GeneratedMocks.swift */ = {isa = PBXFileReference; fileEncoding = 4; lastKnownFileType = sourcecode.swift; path = GeneratedMocks.swift; sourceTree = "<group>"; };
		4BB4E2C222F6733300776D41 /* RepositoryListInteractorTests.swift */ = {isa = PBXFileReference; lastKnownFileType = sourcecode.swift; path = RepositoryListInteractorTests.swift; sourceTree = "<group>"; };
		4BB4E2C422F677A300776D41 /* SearchAPIMock.swift */ = {isa = PBXFileReference; lastKnownFileType = sourcecode.swift; path = SearchAPIMock.swift; sourceTree = "<group>"; };
		4BB4E2C622F72A0200776D41 /* RepositoryListPresenterTests.swift */ = {isa = PBXFileReference; lastKnownFileType = sourcecode.swift; path = RepositoryListPresenterTests.swift; sourceTree = "<group>"; };
		4BF88E5F22F44D12002523A8 /* github-bests.app */ = {isa = PBXFileReference; explicitFileType = wrapper.application; includeInIndex = 0; path = "github-bests.app"; sourceTree = BUILT_PRODUCTS_DIR; };
		4BF88E6222F44D12002523A8 /* AppDelegate.swift */ = {isa = PBXFileReference; lastKnownFileType = sourcecode.swift; path = AppDelegate.swift; sourceTree = "<group>"; };
		4BF88E6722F44D12002523A8 /* Base */ = {isa = PBXFileReference; lastKnownFileType = file.storyboard; name = Base; path = Base.lproj/Main.storyboard; sourceTree = "<group>"; };
		4BF88E6922F44D13002523A8 /* Assets.xcassets */ = {isa = PBXFileReference; lastKnownFileType = folder.assetcatalog; path = Assets.xcassets; sourceTree = "<group>"; };
		4BF88E6C22F44D13002523A8 /* Base */ = {isa = PBXFileReference; lastKnownFileType = file.storyboard; name = Base; path = Base.lproj/LaunchScreen.storyboard; sourceTree = "<group>"; };
		4BF88E6E22F44D13002523A8 /* Info.plist */ = {isa = PBXFileReference; lastKnownFileType = text.plist.xml; path = Info.plist; sourceTree = "<group>"; };
		4BF88E7322F44D13002523A8 /* github-bestsTests.xctest */ = {isa = PBXFileReference; explicitFileType = wrapper.cfbundle; includeInIndex = 0; path = "github-bestsTests.xctest"; sourceTree = BUILT_PRODUCTS_DIR; };
		4BF88E7922F44D13002523A8 /* Info.plist */ = {isa = PBXFileReference; lastKnownFileType = text.plist.xml; path = Info.plist; sourceTree = "<group>"; };
		4BF88E9122F44E68002523A8 /* Repository.swift */ = {isa = PBXFileReference; lastKnownFileType = sourcecode.swift; path = Repository.swift; sourceTree = "<group>"; };
		4BF88E9422F44EEE002523A8 /* LoadingView.swift */ = {isa = PBXFileReference; lastKnownFileType = sourcecode.swift; path = LoadingView.swift; sourceTree = "<group>"; };
		4BF88E9722F44F10002523A8 /* RepositoryCell.swift */ = {isa = PBXFileReference; lastKnownFileType = sourcecode.swift; path = RepositoryCell.swift; sourceTree = "<group>"; };
		4BF88E9E22F45379002523A8 /* RepositoryListPresenter.swift */ = {isa = PBXFileReference; lastKnownFileType = sourcecode.swift; path = RepositoryListPresenter.swift; sourceTree = "<group>"; };
		4BF88E9F22F45379002523A8 /* RepositoryListWorker.swift */ = {isa = PBXFileReference; lastKnownFileType = sourcecode.swift; path = RepositoryListWorker.swift; sourceTree = "<group>"; };
		4BF88EA122F45379002523A8 /* RepositoryListModels.swift */ = {isa = PBXFileReference; lastKnownFileType = sourcecode.swift; path = RepositoryListModels.swift; sourceTree = "<group>"; };
		4BF88EA222F45379002523A8 /* RepositoryListViewController.swift */ = {isa = PBXFileReference; lastKnownFileType = sourcecode.swift; path = RepositoryListViewController.swift; sourceTree = "<group>"; };
		4BF88EA322F45379002523A8 /* RepositoryListInteractor.swift */ = {isa = PBXFileReference; lastKnownFileType = sourcecode.swift; path = RepositoryListInteractor.swift; sourceTree = "<group>"; };
		73BE42780E384184888B4177 /* Pods_github_bestsTests.framework */ = {isa = PBXFileReference; explicitFileType = wrapper.framework; includeInIndex = 0; path = Pods_github_bestsTests.framework; sourceTree = BUILT_PRODUCTS_DIR; };
		8474B83FF919E5B1B67B2FC9 /* Pods-github-bestsTests.tests.xcconfig */ = {isa = PBXFileReference; includeInIndex = 1; lastKnownFileType = text.xcconfig; name = "Pods-github-bestsTests.tests.xcconfig"; path = "Target Support Files/Pods-github-bestsTests/Pods-github-bestsTests.tests.xcconfig"; sourceTree = "<group>"; };
		85EEBD0732C4ECCD1D541591 /* Pods_github_bests.framework */ = {isa = PBXFileReference; explicitFileType = wrapper.framework; includeInIndex = 0; path = Pods_github_bests.framework; sourceTree = BUILT_PRODUCTS_DIR; };
		91019ECACF64795761FE34EE /* Pods-github-bestsIntegrationTests.debug.xcconfig */ = {isa = PBXFileReference; includeInIndex = 1; lastKnownFileType = text.xcconfig; name = "Pods-github-bestsIntegrationTests.debug.xcconfig"; path = "Target Support Files/Pods-github-bestsIntegrationTests/Pods-github-bestsIntegrationTests.debug.xcconfig"; sourceTree = "<group>"; };
		D053424C7D7311931161CD3A /* Pods-github-bestsTests.release.xcconfig */ = {isa = PBXFileReference; includeInIndex = 1; lastKnownFileType = text.xcconfig; name = "Pods-github-bestsTests.release.xcconfig"; path = "Target Support Files/Pods-github-bestsTests/Pods-github-bestsTests.release.xcconfig"; sourceTree = "<group>"; };
		E2DBA97067E9F157503BBEB9 /* Pods-github-bests.tests.xcconfig */ = {isa = PBXFileReference; includeInIndex = 1; lastKnownFileType = text.xcconfig; name = "Pods-github-bests.tests.xcconfig"; path = "Target Support Files/Pods-github-bests/Pods-github-bests.tests.xcconfig"; sourceTree = "<group>"; };
		E5CDB799BBB43CE1E064E286 /* Pods_github_bestsUITests.framework */ = {isa = PBXFileReference; explicitFileType = wrapper.framework; includeInIndex = 0; path = Pods_github_bestsUITests.framework; sourceTree = BUILT_PRODUCTS_DIR; };
		E7748AF865B66EDADE17DA1E /* Pods-github-bestsUITests.release.xcconfig */ = {isa = PBXFileReference; includeInIndex = 1; lastKnownFileType = text.xcconfig; name = "Pods-github-bestsUITests.release.xcconfig"; path = "Target Support Files/Pods-github-bestsUITests/Pods-github-bestsUITests.release.xcconfig"; sourceTree = "<group>"; };
/* End PBXFileReference section */

/* Begin PBXFrameworksBuildPhase section */
		4BF88E5C22F44D12002523A8 /* Frameworks */ = {
			isa = PBXFrameworksBuildPhase;
			buildActionMask = 2147483647;
			files = (
				2303B0AB291D2E7475D284E8 /* Pods_github_bests.framework in Frameworks */,
			);
			runOnlyForDeploymentPostprocessing = 0;
		};
		4BF88E7022F44D13002523A8 /* Frameworks */ = {
			isa = PBXFrameworksBuildPhase;
			buildActionMask = 2147483647;
			files = (
				F0C41A2562959ED504B63DC5 /* Pods_github_bestsTests.framework in Frameworks */,
			);
			runOnlyForDeploymentPostprocessing = 0;
		};
/* End PBXFrameworksBuildPhase section */

/* Begin PBXGroup section */
		4BADA98D22F737A3009F1316 /* Cells */ = {
			isa = PBXGroup;
			children = (
				4BADA98E22F737B4009F1316 /* RepositoryCellTests.swift */,
			);
			path = Cells;
			sourceTree = "<group>";
		};
		4BB4E2A322F5FBCA00776D41 /* Services */ = {
			isa = PBXGroup;
			children = (
				4BB4E2A522F5FC1E00776D41 /* DataSources */,
				4BB4E2A422F5FC1600776D41 /* API */,
				4BB4E2A622F5FC4900776D41 /* HTTPClient.swift */,
			);
			path = Services;
			sourceTree = "<group>";
		};
		4BB4E2A422F5FC1600776D41 /* API */ = {
			isa = PBXGroup;
			children = (
				4BB4E2AE22F5FFAA00776D41 /* SearchAPI.swift */,
			);
			path = API;
			sourceTree = "<group>";
		};
		4BB4E2A522F5FC1E00776D41 /* DataSources */ = {
			isa = PBXGroup;
			children = (
				4BB4E2AC22F5FFA100776D41 /* SearchAPIDataSource.swift */,
			);
			path = DataSources;
			sourceTree = "<group>";
		};
		4BB4E2A822F5FDFC00776D41 /* Utils */ = {
			isa = PBXGroup;
			children = (
				4BB4E2A922F5FE0A00776D41 /* Extensions */,
			);
			path = Utils;
			sourceTree = "<group>";
		};
		4BB4E2A922F5FE0A00776D41 /* Extensions */ = {
			isa = PBXGroup;
			children = (
				4BB4E2AA22F5FE1B00776D41 /* Data+Parse.swift */,
				4BB4E2B522F6530B00776D41 /* UIView.swift */,
				4B44045C22F7859F00FADF6F /* Encodable.swift */,
			);
			path = Extensions;
			sourceTree = "<group>";
		};
		4BB4E2B022F603BA00776D41 /* Commons */ = {
			isa = PBXGroup;
			children = (
				4BB4E2B122F603C800776D41 /* BaseDisplayLogic.swift */,
			);
			path = Commons;
			sourceTree = "<group>";
		};
		4BB4E2BC22F66FBD00776D41 /* Mocks */ = {
			isa = PBXGroup;
			children = (
				4B5AE9F322F7B23300EA48C9 /* page1.json */,
				4BB4E2C422F677A300776D41 /* SearchAPIMock.swift */,
			);
			path = Mocks;
			sourceTree = "<group>";
		};
		4BB4E2BE22F672AE00776D41 /* Tests */ = {
			isa = PBXGroup;
			children = (
				4BB4E2BF22F6730A00776D41 /* Scenes */,
			);
			path = Tests;
			sourceTree = "<group>";
		};
		4BB4E2BF22F6730A00776D41 /* Scenes */ = {
			isa = PBXGroup;
			children = (
				4BB4E2C022F6731000776D41 /* List */,
			);
			path = Scenes;
			sourceTree = "<group>";
		};
		4BB4E2C022F6731000776D41 /* List */ = {
			isa = PBXGroup;
			children = (
				4BADA98D22F737A3009F1316 /* Cells */,
				4BB4E2C222F6733300776D41 /* RepositoryListInteractorTests.swift */,
				4BB4E2C622F72A0200776D41 /* RepositoryListPresenterTests.swift */,
				4B5AE9FC22F8836100EA48C9 /* RepositoryListViewControllerTests.swift */,
			);
			path = List;
			sourceTree = "<group>";
		};
		4BF88E5622F44D12002523A8 = {
			isa = PBXGroup;
			children = (
				4BF88E6122F44D12002523A8 /* github-bests */,
				4BF88E7622F44D13002523A8 /* github-bestsTests */,
				4BF88E6022F44D12002523A8 /* Products */,
				9BE3903D47D9B3A140B256FF /* Pods */,
				BF34928C62EA70AAD6DFADA9 /* Frameworks */,
			);
			sourceTree = "<group>";
		};
		4BF88E6022F44D12002523A8 /* Products */ = {
			isa = PBXGroup;
			children = (
				4BF88E5F22F44D12002523A8 /* github-bests.app */,
				4BF88E7322F44D13002523A8 /* github-bestsTests.xctest */,
			);
			name = Products;
			sourceTree = "<group>";
		};
		4BF88E6122F44D12002523A8 /* github-bests */ = {
			isa = PBXGroup;
			children = (
				4BB4E2A322F5FBCA00776D41 /* Services */,
				4BF88E9022F44E5D002523A8 /* Models */,
				4BF88E9322F44ED5002523A8 /* Views */,
				4BF88E9922F4532F002523A8 /* Scenes */,
				4BF88E9B22F45352002523A8 /* Storyboards */,
				4BB4E2B022F603BA00776D41 /* Commons */,
				4BB4E2A822F5FDFC00776D41 /* Utils */,
				4BF88E9C22F4535F002523A8 /* Resources */,
				4BF88E9A22F45336002523A8 /* Supporting Files */,
			);
			path = "github-bests";
			sourceTree = "<group>";
		};
		4BF88E7622F44D13002523A8 /* github-bestsTests */ = {
			isa = PBXGroup;
			children = (
				4BB4E2BC22F66FBD00776D41 /* Mocks */,
				4BB4E2BE22F672AE00776D41 /* Tests */,
				4BB4E2BA22F66FB200776D41 /* GeneratedMocks.swift */,
				4BF88E7922F44D13002523A8 /* Info.plist */,
				4BA00F7822F75A8500F41FC5 /* KIF+Swift.swift */,
			);
			path = "github-bestsTests";
			sourceTree = "<group>";
		};
		4BF88E9022F44E5D002523A8 /* Models */ = {
			isa = PBXGroup;
			children = (
				4BF88E9122F44E68002523A8 /* Repository.swift */,
				4BB4E2B322F6374300776D41 /* BaseResults.swift */,
			);
			path = Models;
			sourceTree = "<group>";
		};
		4BF88E9322F44ED5002523A8 /* Views */ = {
			isa = PBXGroup;
			children = (
				4BF88E9422F44EEE002523A8 /* LoadingView.swift */,
			);
			path = Views;
			sourceTree = "<group>";
		};
		4BF88E9622F44EF8002523A8 /* Cells */ = {
			isa = PBXGroup;
			children = (
				4BF88E9722F44F10002523A8 /* RepositoryCell.swift */,
			);
			path = Cells;
			sourceTree = "<group>";
		};
		4BF88E9922F4532F002523A8 /* Scenes */ = {
			isa = PBXGroup;
			children = (
				4BF88E9D22F45367002523A8 /* List */,
			);
			path = Scenes;
			sourceTree = "<group>";
		};
		4BF88E9A22F45336002523A8 /* Supporting Files */ = {
			isa = PBXGroup;
			children = (
				4BF88E6222F44D12002523A8 /* AppDelegate.swift */,
				4BF88E6E22F44D13002523A8 /* Info.plist */,
			);
			path = "Supporting Files";
			sourceTree = "<group>";
		};
		4BF88E9B22F45352002523A8 /* Storyboards */ = {
			isa = PBXGroup;
			children = (
				4BF88E6622F44D12002523A8 /* Main.storyboard */,
				4BF88E6B22F44D13002523A8 /* LaunchScreen.storyboard */,
			);
			path = Storyboards;
			sourceTree = "<group>";
		};
		4BF88E9C22F4535F002523A8 /* Resources */ = {
			isa = PBXGroup;
			children = (
				4BF88E6922F44D13002523A8 /* Assets.xcassets */,
			);
			path = Resources;
			sourceTree = "<group>";
		};
		4BF88E9D22F45367002523A8 /* List */ = {
			isa = PBXGroup;
			children = (
				4BF88E9622F44EF8002523A8 /* Cells */,
				4BF88E9E22F45379002523A8 /* RepositoryListPresenter.swift */,
				4BF88E9F22F45379002523A8 /* RepositoryListWorker.swift */,
				4BF88EA122F45379002523A8 /* RepositoryListModels.swift */,
				4BF88EA222F45379002523A8 /* RepositoryListViewController.swift */,
				4BF88EA322F45379002523A8 /* RepositoryListInteractor.swift */,
			);
			path = List;
			sourceTree = "<group>";
		};
		9BE3903D47D9B3A140B256FF /* Pods */ = {
			isa = PBXGroup;
			children = (
				438715B2DC85E8592898ECCE /* Pods-github-bests.debug.xcconfig */,
				2AB9F7D1D1B896CF2E8D1E57 /* Pods-github-bests.release.xcconfig */,
				07DFFDD222B35A1D04B7803F /* Pods-github-bestsTests.debug.xcconfig */,
				D053424C7D7311931161CD3A /* Pods-github-bestsTests.release.xcconfig */,
				37B9E062B4A229C9F030CBAB /* Pods-github-bestsUITests.debug.xcconfig */,
				E7748AF865B66EDADE17DA1E /* Pods-github-bestsUITests.release.xcconfig */,
				E2DBA97067E9F157503BBEB9 /* Pods-github-bests.tests.xcconfig */,
				8474B83FF919E5B1B67B2FC9 /* Pods-github-bestsTests.tests.xcconfig */,
				91019ECACF64795761FE34EE /* Pods-github-bestsIntegrationTests.debug.xcconfig */,
				076659AC230850C272E852CD /* Pods-github-bestsIntegrationTests.release.xcconfig */,
			);
			path = Pods;
			sourceTree = "<group>";
		};
		BF34928C62EA70AAD6DFADA9 /* Frameworks */ = {
			isa = PBXGroup;
			children = (
				85EEBD0732C4ECCD1D541591 /* Pods_github_bests.framework */,
				E5CDB799BBB43CE1E064E286 /* Pods_github_bestsUITests.framework */,
				2F03AB571D0F7402C7E60C9B /* Pods_github_bestsIntegrationTests.framework */,
				73BE42780E384184888B4177 /* Pods_github_bestsTests.framework */,
			);
			name = Frameworks;
			sourceTree = "<group>";
		};
/* End PBXGroup section */

/* Begin PBXNativeTarget section */
		4BF88E5E22F44D12002523A8 /* github-bests */ = {
			isa = PBXNativeTarget;
			buildConfigurationList = 4BF88E8722F44D13002523A8 /* Build configuration list for PBXNativeTarget "github-bests" */;
			buildPhases = (
				621409F72924A92B372B5965 /* [CP] Check Pods Manifest.lock */,
				4BB4E2B822F66F2D00776D41 /* CUCKOO */,
				4BF88E5B22F44D12002523A8 /* Sources */,
				4BF88E5C22F44D12002523A8 /* Frameworks */,
				4BF88E5D22F44D12002523A8 /* Resources */,
				0BF29865F167DE262990878A /* [CP] Embed Pods Frameworks */,
			);
			buildRules = (
			);
			dependencies = (
			);
			name = "github-bests";
			productName = "github-bests";
			productReference = 4BF88E5F22F44D12002523A8 /* github-bests.app */;
			productType = "com.apple.product-type.application";
		};
		4BF88E7222F44D13002523A8 /* github-bestsTests */ = {
			isa = PBXNativeTarget;
			buildConfigurationList = 4BF88E8A22F44D13002523A8 /* Build configuration list for PBXNativeTarget "github-bestsTests" */;
			buildPhases = (
				0DF039F778D0DAC2A8D8D07B /* [CP] Check Pods Manifest.lock */,
				4BF88E6F22F44D13002523A8 /* Sources */,
				4BF88E7022F44D13002523A8 /* Frameworks */,
				4BF88E7122F44D13002523A8 /* Resources */,
				DD6210918A7DA289FCE23152 /* [CP] Embed Pods Frameworks */,
			);
			buildRules = (
			);
			dependencies = (
				4BF88E7522F44D13002523A8 /* PBXTargetDependency */,
			);
			name = "github-bestsTests";
			productName = "github-bestsTests";
			productReference = 4BF88E7322F44D13002523A8 /* github-bestsTests.xctest */;
			productType = "com.apple.product-type.bundle.unit-test";
		};
/* End PBXNativeTarget section */

/* Begin PBXProject section */
		4BF88E5722F44D12002523A8 /* Project object */ = {
			isa = PBXProject;
			attributes = {
				LastSwiftUpdateCheck = 1030;
				LastUpgradeCheck = 1030;
				ORGANIZATIONNAME = "Paulo Lourenço";
				TargetAttributes = {
					4BF88E5E22F44D12002523A8 = {
						CreatedOnToolsVersion = 10.3;
					};
					4BF88E7222F44D13002523A8 = {
						CreatedOnToolsVersion = 10.3;
						LastSwiftMigration = 1030;
						TestTargetID = 4BF88E5E22F44D12002523A8;
					};
				};
			};
			buildConfigurationList = 4BF88E5A22F44D12002523A8 /* Build configuration list for PBXProject "github-bests" */;
			compatibilityVersion = "Xcode 9.3";
			developmentRegion = en;
			hasScannedForEncodings = 0;
			knownRegions = (
				en,
				Base,
			);
			mainGroup = 4BF88E5622F44D12002523A8;
			productRefGroup = 4BF88E6022F44D12002523A8 /* Products */;
			projectDirPath = "";
			projectRoot = "";
			targets = (
				4BF88E5E22F44D12002523A8 /* github-bests */,
				4BF88E7222F44D13002523A8 /* github-bestsTests */,
			);
		};
/* End PBXProject section */

/* Begin PBXResourcesBuildPhase section */
		4BF88E5D22F44D12002523A8 /* Resources */ = {
			isa = PBXResourcesBuildPhase;
			buildActionMask = 2147483647;
			files = (
				4BF88E6D22F44D13002523A8 /* LaunchScreen.storyboard in Resources */,
				4BF88E6A22F44D13002523A8 /* Assets.xcassets in Resources */,
				4BF88E6822F44D12002523A8 /* Main.storyboard in Resources */,
			);
			runOnlyForDeploymentPostprocessing = 0;
		};
		4BF88E7122F44D13002523A8 /* Resources */ = {
			isa = PBXResourcesBuildPhase;
			buildActionMask = 2147483647;
			files = (
				4B5AE9FB22F8832800EA48C9 /* page1.json in Resources */,
			);
			runOnlyForDeploymentPostprocessing = 0;
		};
/* End PBXResourcesBuildPhase section */

/* Begin PBXShellScriptBuildPhase section */
		0BF29865F167DE262990878A /* [CP] Embed Pods Frameworks */ = {
			isa = PBXShellScriptBuildPhase;
			buildActionMask = 2147483647;
			files = (
			);
			inputFileListPaths = (
				"${PODS_ROOT}/Target Support Files/Pods-github-bests/Pods-github-bests-frameworks-${CONFIGURATION}-input-files.xcfilelist",
			);
			name = "[CP] Embed Pods Frameworks";
			outputFileListPaths = (
				"${PODS_ROOT}/Target Support Files/Pods-github-bests/Pods-github-bests-frameworks-${CONFIGURATION}-output-files.xcfilelist",
			);
			runOnlyForDeploymentPostprocessing = 0;
			shellPath = /bin/sh;
			shellScript = "\"${PODS_ROOT}/Target Support Files/Pods-github-bests/Pods-github-bests-frameworks.sh\"\n";
			showEnvVarsInLog = 0;
		};
		0DF039F778D0DAC2A8D8D07B /* [CP] Check Pods Manifest.lock */ = {
			isa = PBXShellScriptBuildPhase;
			buildActionMask = 2147483647;
			files = (
			);
			inputFileListPaths = (
			);
			inputPaths = (
				"${PODS_PODFILE_DIR_PATH}/Podfile.lock",
				"${PODS_ROOT}/Manifest.lock",
			);
			name = "[CP] Check Pods Manifest.lock";
			outputFileListPaths = (
			);
			outputPaths = (
				"$(DERIVED_FILE_DIR)/Pods-github-bestsTests-checkManifestLockResult.txt",
			);
			runOnlyForDeploymentPostprocessing = 0;
			shellPath = /bin/sh;
			shellScript = "diff \"${PODS_PODFILE_DIR_PATH}/Podfile.lock\" \"${PODS_ROOT}/Manifest.lock\" > /dev/null\nif [ $? != 0 ] ; then\n    # print error to STDERR\n    echo \"error: The sandbox is not in sync with the Podfile.lock. Run 'pod install' or update your CocoaPods installation.\" >&2\n    exit 1\nfi\n# This output is used by Xcode 'outputs' to avoid re-running this script phase.\necho \"SUCCESS\" > \"${SCRIPT_OUTPUT_FILE_0}\"\n";
			showEnvVarsInLog = 0;
		};
		4BB4E2B822F66F2D00776D41 /* CUCKOO */ = {
			isa = PBXShellScriptBuildPhase;
			buildActionMask = 2147483647;
			files = (
			);
			inputFileListPaths = (
			);
			inputPaths = (
			);
			name = CUCKOO;
			outputFileListPaths = (
			);
			outputPaths = (
			);
			runOnlyForDeploymentPostprocessing = 0;
			shellPath = /bin/sh;
			shellScript = "# Define output file. Change \"${PROJECT_DIR}/${PROJECT_NAME}Tests\" to your test's root source folder, if it's not the default name.\nOUTPUT_FILE=\"${PROJECT_DIR}/${PROJECT_NAME}Tests/GeneratedMocks.swift\"\necho \"Generated Mocks File = ${OUTPUT_FILE}\"\n\n# Define input directory. Change \"${PROJECT_DIR}/${PROJECT_NAME}\" to your project's root source folder, if it's not the default name.\nINPUT_DIR=\"${PROJECT_DIR}/${PROJECT_NAME}\"\necho \"Mocks Input Directory = ${INPUT_DIR}\"\n\n# Generate mock files, include as many input files as you'd like to create mocks for.\n\"${PODS_ROOT}/Cuckoo/run\" generate --testable \"${PROJECT_NAME}\" \\\n--output \"${OUTPUT_FILE}\" \\\n\"${INPUT_DIR}/Scenes/List/RepositoryListPresenter.swift\" \\\n\"${INPUT_DIR}/Scenes/List/RepositoryListInteractor.swift\" \\\n\"${INPUT_DIR}/Scenes/List/RepositoryListWorker.swift\"\n";
		};
		621409F72924A92B372B5965 /* [CP] Check Pods Manifest.lock */ = {
			isa = PBXShellScriptBuildPhase;
			buildActionMask = 2147483647;
			files = (
			);
			inputFileListPaths = (
			);
			inputPaths = (
				"${PODS_PODFILE_DIR_PATH}/Podfile.lock",
				"${PODS_ROOT}/Manifest.lock",
			);
			name = "[CP] Check Pods Manifest.lock";
			outputFileListPaths = (
			);
			outputPaths = (
				"$(DERIVED_FILE_DIR)/Pods-github-bests-checkManifestLockResult.txt",
			);
			runOnlyForDeploymentPostprocessing = 0;
			shellPath = /bin/sh;
			shellScript = "diff \"${PODS_PODFILE_DIR_PATH}/Podfile.lock\" \"${PODS_ROOT}/Manifest.lock\" > /dev/null\nif [ $? != 0 ] ; then\n    # print error to STDERR\n    echo \"error: The sandbox is not in sync with the Podfile.lock. Run 'pod install' or update your CocoaPods installation.\" >&2\n    exit 1\nfi\n# This output is used by Xcode 'outputs' to avoid re-running this script phase.\necho \"SUCCESS\" > \"${SCRIPT_OUTPUT_FILE_0}\"\n";
			showEnvVarsInLog = 0;
		};
		DD6210918A7DA289FCE23152 /* [CP] Embed Pods Frameworks */ = {
			isa = PBXShellScriptBuildPhase;
			buildActionMask = 2147483647;
			files = (
			);
			inputFileListPaths = (
				"${PODS_ROOT}/Target Support Files/Pods-github-bestsTests/Pods-github-bestsTests-frameworks-${CONFIGURATION}-input-files.xcfilelist",
			);
			name = "[CP] Embed Pods Frameworks";
			outputFileListPaths = (
				"${PODS_ROOT}/Target Support Files/Pods-github-bestsTests/Pods-github-bestsTests-frameworks-${CONFIGURATION}-output-files.xcfilelist",
			);
			runOnlyForDeploymentPostprocessing = 0;
			shellPath = /bin/sh;
			shellScript = "\"${PODS_ROOT}/Target Support Files/Pods-github-bestsTests/Pods-github-bestsTests-frameworks.sh\"\n";
			showEnvVarsInLog = 0;
		};
/* End PBXShellScriptBuildPhase section */

/* Begin PBXSourcesBuildPhase section */
		4BF88E5B22F44D12002523A8 /* Sources */ = {
			isa = PBXSourcesBuildPhase;
			buildActionMask = 2147483647;
			files = (
				4BB4E2B622F6530B00776D41 /* UIView.swift in Sources */,
				4BF88E9822F44F10002523A8 /* RepositoryCell.swift in Sources */,
				4B5AE9FE22F88E8B00EA48C9 /* SearchAPIMock.swift in Sources */,
				4BB4E2AF22F5FFAA00776D41 /* SearchAPI.swift in Sources */,
				4BF88EA422F45379002523A8 /* RepositoryListPresenter.swift in Sources */,
				4BF88EA822F45379002523A8 /* RepositoryListViewController.swift in Sources */,
				4BB4E2B422F6374300776D41 /* BaseResults.swift in Sources */,
				4BF88E9522F44EEE002523A8 /* LoadingView.swift in Sources */,
				4BF88E6322F44D12002523A8 /* AppDelegate.swift in Sources */,
				4BB4E2B222F603C800776D41 /* BaseDisplayLogic.swift in Sources */,
				4BF88EA722F45379002523A8 /* RepositoryListModels.swift in Sources */,
				4BB4E2AB22F5FE1B00776D41 /* Data+Parse.swift in Sources */,
				4BB4E2AD22F5FFA100776D41 /* SearchAPIDataSource.swift in Sources */,
				4BB4E2A722F5FC4900776D41 /* HTTPClient.swift in Sources */,
				4BF88EA922F45379002523A8 /* RepositoryListInteractor.swift in Sources */,
				4B44045D22F7859F00FADF6F /* Encodable.swift in Sources */,
				4BF88E9222F44E68002523A8 /* Repository.swift in Sources */,
				4BF88EA522F45379002523A8 /* RepositoryListWorker.swift in Sources */,
			);
			runOnlyForDeploymentPostprocessing = 0;
		};
		4BF88E6F22F44D13002523A8 /* Sources */ = {
			isa = PBXSourcesBuildPhase;
			buildActionMask = 2147483647;
			files = (
				4BADA98F22F737B4009F1316 /* RepositoryCellTests.swift in Sources */,
				4BB4E2C722F72A0200776D41 /* RepositoryListPresenterTests.swift in Sources */,
				4BB4E2C322F6733300776D41 /* RepositoryListInteractorTests.swift in Sources */,
				4B6457A422F7A0D300CF4BA9 /* GeneratedMocks.swift in Sources */,
				4BA00F7922F75A8500F41FC5 /* KIF+Swift.swift in Sources */,
				4BB4E2C522F677A300776D41 /* SearchAPIMock.swift in Sources */,
				4B5AE9FD22F8836100EA48C9 /* RepositoryListViewControllerTests.swift in Sources */,
			);
			runOnlyForDeploymentPostprocessing = 0;
		};
/* End PBXSourcesBuildPhase section */

/* Begin PBXTargetDependency section */
		4BF88E7522F44D13002523A8 /* PBXTargetDependency */ = {
			isa = PBXTargetDependency;
			target = 4BF88E5E22F44D12002523A8 /* github-bests */;
			targetProxy = 4BF88E7422F44D13002523A8 /* PBXContainerItemProxy */;
		};
/* End PBXTargetDependency section */

/* Begin PBXVariantGroup section */
		4BF88E6622F44D12002523A8 /* Main.storyboard */ = {
			isa = PBXVariantGroup;
			children = (
				4BF88E6722F44D12002523A8 /* Base */,
			);
			name = Main.storyboard;
			sourceTree = "<group>";
		};
		4BF88E6B22F44D13002523A8 /* LaunchScreen.storyboard */ = {
			isa = PBXVariantGroup;
			children = (
				4BF88E6C22F44D13002523A8 /* Base */,
			);
			name = LaunchScreen.storyboard;
			sourceTree = "<group>";
		};
/* End PBXVariantGroup section */

/* Begin XCBuildConfiguration section */
		4BF88E8522F44D13002523A8 /* Debug */ = {
			isa = XCBuildConfiguration;
			buildSettings = {
				ALWAYS_SEARCH_USER_PATHS = NO;
				CLANG_ANALYZER_NONNULL = YES;
				CLANG_ANALYZER_NUMBER_OBJECT_CONVERSION = YES_AGGRESSIVE;
				CLANG_CXX_LANGUAGE_STANDARD = "gnu++14";
				CLANG_CXX_LIBRARY = "libc++";
				CLANG_ENABLE_MODULES = YES;
				CLANG_ENABLE_OBJC_ARC = YES;
				CLANG_ENABLE_OBJC_WEAK = YES;
				CLANG_WARN_BLOCK_CAPTURE_AUTORELEASING = YES;
				CLANG_WARN_BOOL_CONVERSION = YES;
				CLANG_WARN_COMMA = YES;
				CLANG_WARN_CONSTANT_CONVERSION = YES;
				CLANG_WARN_DEPRECATED_OBJC_IMPLEMENTATIONS = YES;
				CLANG_WARN_DIRECT_OBJC_ISA_USAGE = YES_ERROR;
				CLANG_WARN_DOCUMENTATION_COMMENTS = YES;
				CLANG_WARN_EMPTY_BODY = YES;
				CLANG_WARN_ENUM_CONVERSION = YES;
				CLANG_WARN_INFINITE_RECURSION = YES;
				CLANG_WARN_INT_CONVERSION = YES;
				CLANG_WARN_NON_LITERAL_NULL_CONVERSION = YES;
				CLANG_WARN_OBJC_IMPLICIT_RETAIN_SELF = YES;
				CLANG_WARN_OBJC_LITERAL_CONVERSION = YES;
				CLANG_WARN_OBJC_ROOT_CLASS = YES_ERROR;
				CLANG_WARN_RANGE_LOOP_ANALYSIS = YES;
				CLANG_WARN_STRICT_PROTOTYPES = YES;
				CLANG_WARN_SUSPICIOUS_MOVE = YES;
				CLANG_WARN_UNGUARDED_AVAILABILITY = YES_AGGRESSIVE;
				CLANG_WARN_UNREACHABLE_CODE = YES;
				CLANG_WARN__DUPLICATE_METHOD_MATCH = YES;
				CODE_SIGN_IDENTITY = "iPhone Developer";
				COPY_PHASE_STRIP = NO;
				DEBUG_INFORMATION_FORMAT = dwarf;
				ENABLE_STRICT_OBJC_MSGSEND = YES;
				ENABLE_TESTABILITY = YES;
				GCC_C_LANGUAGE_STANDARD = gnu11;
				GCC_DYNAMIC_NO_PIC = NO;
				GCC_NO_COMMON_BLOCKS = YES;
				GCC_OPTIMIZATION_LEVEL = 0;
				GCC_PREPROCESSOR_DEFINITIONS = (
					"DEBUG=1",
					"$(inherited)",
				);
				GCC_WARN_64_TO_32_BIT_CONVERSION = YES;
				GCC_WARN_ABOUT_RETURN_TYPE = YES_ERROR;
				GCC_WARN_UNDECLARED_SELECTOR = YES;
				GCC_WARN_UNINITIALIZED_AUTOS = YES_AGGRESSIVE;
				GCC_WARN_UNUSED_FUNCTION = YES;
				GCC_WARN_UNUSED_VARIABLE = YES;
				IPHONEOS_DEPLOYMENT_TARGET = 12.4;
				MTL_ENABLE_DEBUG_INFO = INCLUDE_SOURCE;
				MTL_FAST_MATH = YES;
				ONLY_ACTIVE_ARCH = YES;
				SDKROOT = iphoneos;
				SWIFT_ACTIVE_COMPILATION_CONDITIONS = DEBUG;
				SWIFT_OPTIMIZATION_LEVEL = "-Onone";
			};
			name = Debug;
		};
		4BF88E8622F44D13002523A8 /* Release */ = {
			isa = XCBuildConfiguration;
			buildSettings = {
				ALWAYS_SEARCH_USER_PATHS = NO;
				CLANG_ANALYZER_NONNULL = YES;
				CLANG_ANALYZER_NUMBER_OBJECT_CONVERSION = YES_AGGRESSIVE;
				CLANG_CXX_LANGUAGE_STANDARD = "gnu++14";
				CLANG_CXX_LIBRARY = "libc++";
				CLANG_ENABLE_MODULES = YES;
				CLANG_ENABLE_OBJC_ARC = YES;
				CLANG_ENABLE_OBJC_WEAK = YES;
				CLANG_WARN_BLOCK_CAPTURE_AUTORELEASING = YES;
				CLANG_WARN_BOOL_CONVERSION = YES;
				CLANG_WARN_COMMA = YES;
				CLANG_WARN_CONSTANT_CONVERSION = YES;
				CLANG_WARN_DEPRECATED_OBJC_IMPLEMENTATIONS = YES;
				CLANG_WARN_DIRECT_OBJC_ISA_USAGE = YES_ERROR;
				CLANG_WARN_DOCUMENTATION_COMMENTS = YES;
				CLANG_WARN_EMPTY_BODY = YES;
				CLANG_WARN_ENUM_CONVERSION = YES;
				CLANG_WARN_INFINITE_RECURSION = YES;
				CLANG_WARN_INT_CONVERSION = YES;
				CLANG_WARN_NON_LITERAL_NULL_CONVERSION = YES;
				CLANG_WARN_OBJC_IMPLICIT_RETAIN_SELF = YES;
				CLANG_WARN_OBJC_LITERAL_CONVERSION = YES;
				CLANG_WARN_OBJC_ROOT_CLASS = YES_ERROR;
				CLANG_WARN_RANGE_LOOP_ANALYSIS = YES;
				CLANG_WARN_STRICT_PROTOTYPES = YES;
				CLANG_WARN_SUSPICIOUS_MOVE = YES;
				CLANG_WARN_UNGUARDED_AVAILABILITY = YES_AGGRESSIVE;
				CLANG_WARN_UNREACHABLE_CODE = YES;
				CLANG_WARN__DUPLICATE_METHOD_MATCH = YES;
				CODE_SIGN_IDENTITY = "iPhone Developer";
				COPY_PHASE_STRIP = NO;
				DEBUG_INFORMATION_FORMAT = "dwarf-with-dsym";
				ENABLE_NS_ASSERTIONS = NO;
				ENABLE_STRICT_OBJC_MSGSEND = YES;
				GCC_C_LANGUAGE_STANDARD = gnu11;
				GCC_NO_COMMON_BLOCKS = YES;
				GCC_WARN_64_TO_32_BIT_CONVERSION = YES;
				GCC_WARN_ABOUT_RETURN_TYPE = YES_ERROR;
				GCC_WARN_UNDECLARED_SELECTOR = YES;
				GCC_WARN_UNINITIALIZED_AUTOS = YES_AGGRESSIVE;
				GCC_WARN_UNUSED_FUNCTION = YES;
				GCC_WARN_UNUSED_VARIABLE = YES;
				IPHONEOS_DEPLOYMENT_TARGET = 12.4;
				MTL_ENABLE_DEBUG_INFO = NO;
				MTL_FAST_MATH = YES;
				SDKROOT = iphoneos;
				SWIFT_COMPILATION_MODE = wholemodule;
				SWIFT_OPTIMIZATION_LEVEL = "-O";
				VALIDATE_PRODUCT = YES;
			};
			name = Release;
		};
		4BF88E8822F44D13002523A8 /* Debug */ = {
			isa = XCBuildConfiguration;
			baseConfigurationReference = 438715B2DC85E8592898ECCE /* Pods-github-bests.debug.xcconfig */;
			buildSettings = {
				ASSETCATALOG_COMPILER_APPICON_NAME = AppIcon;
				CODE_SIGN_STYLE = Automatic;
				DEVELOPMENT_TEAM = W8W67XPP2J;
				INFOPLIST_FILE = "$(SRCROOT)/github-bests/Supporting Files/Info.plist";
				LD_RUNPATH_SEARCH_PATHS = (
					"$(inherited)",
					"@executable_path/Frameworks",
				);
				PRODUCT_BUNDLE_IDENTIFIER = "com.phlourenco.github-bests";
				PRODUCT_NAME = "$(TARGET_NAME)";
				SWIFT_VERSION = 5.0;
				TARGETED_DEVICE_FAMILY = "1,2";
			};
			name = Debug;
		};
		4BF88E8922F44D13002523A8 /* Release */ = {
			isa = XCBuildConfiguration;
			baseConfigurationReference = 2AB9F7D1D1B896CF2E8D1E57 /* Pods-github-bests.release.xcconfig */;
			buildSettings = {
				ASSETCATALOG_COMPILER_APPICON_NAME = AppIcon;
				CODE_SIGN_STYLE = Automatic;
				DEVELOPMENT_TEAM = W8W67XPP2J;
				INFOPLIST_FILE = "$(SRCROOT)/github-bests/Supporting Files/Info.plist";
				LD_RUNPATH_SEARCH_PATHS = (
					"$(inherited)",
					"@executable_path/Frameworks",
				);
				PRODUCT_BUNDLE_IDENTIFIER = "com.phlourenco.github-bests";
				PRODUCT_NAME = "$(TARGET_NAME)";
				SWIFT_VERSION = 5.0;
				TARGETED_DEVICE_FAMILY = "1,2";
			};
			name = Release;
		};
		4BF88E8B22F44D13002523A8 /* Debug */ = {
			isa = XCBuildConfiguration;
			baseConfigurationReference = 07DFFDD222B35A1D04B7803F /* Pods-github-bestsTests.debug.xcconfig */;
			buildSettings = {
				ALWAYS_EMBED_SWIFT_STANDARD_LIBRARIES = YES;
				BUNDLE_LOADER = "$(TEST_HOST)";
				CLANG_ENABLE_MODULES = YES;
				CODE_SIGN_STYLE = Automatic;
				DEVELOPMENT_TEAM = W8W67XPP2J;
				INFOPLIST_FILE = "github-bestsTests/Info.plist";
				LD_RUNPATH_SEARCH_PATHS = (
					"$(inherited)",
					"@executable_path/Frameworks",
					"@loader_path/Frameworks",
				);
				PRODUCT_BUNDLE_IDENTIFIER = "com.phlourenco.github-bestsTests";
				PRODUCT_NAME = "$(TARGET_NAME)";
				SWIFT_OPTIMIZATION_LEVEL = "-Onone";
				SWIFT_VERSION = 5.0;
				TARGETED_DEVICE_FAMILY = "1,2";
				TEST_HOST = "$(BUILT_PRODUCTS_DIR)/github-bests.app/github-bests";
			};
			name = Debug;
		};
		4BF88E8C22F44D13002523A8 /* Release */ = {
			isa = XCBuildConfiguration;
			baseConfigurationReference = D053424C7D7311931161CD3A /* Pods-github-bestsTests.release.xcconfig */;
			buildSettings = {
				ALWAYS_EMBED_SWIFT_STANDARD_LIBRARIES = YES;
				BUNDLE_LOADER = "$(TEST_HOST)";
				CLANG_ENABLE_MODULES = YES;
				CODE_SIGN_STYLE = Automatic;
				DEVELOPMENT_TEAM = W8W67XPP2J;
				INFOPLIST_FILE = "github-bestsTests/Info.plist";
				LD_RUNPATH_SEARCH_PATHS = (
					"$(inherited)",
					"@executable_path/Frameworks",
					"@loader_path/Frameworks",
				);
				PRODUCT_BUNDLE_IDENTIFIER = "com.phlourenco.github-bestsTests";
				PRODUCT_NAME = "$(TARGET_NAME)";
				SWIFT_VERSION = 5.0;
				TARGETED_DEVICE_FAMILY = "1,2";
				TEST_HOST = "$(BUILT_PRODUCTS_DIR)/github-bests.app/github-bests";
			};
			name = Release;
		};
/* End XCBuildConfiguration section */

/* Begin XCConfigurationList section */
		4BF88E5A22F44D12002523A8 /* Build configuration list for PBXProject "github-bests" */ = {
			isa = XCConfigurationList;
			buildConfigurations = (
				4BF88E8522F44D13002523A8 /* Debug */,
				4BF88E8622F44D13002523A8 /* Release */,
			);
			defaultConfigurationIsVisible = 0;
			defaultConfigurationName = Release;
		};
		4BF88E8722F44D13002523A8 /* Build configuration list for PBXNativeTarget "github-bests" */ = {
			isa = XCConfigurationList;
			buildConfigurations = (
				4BF88E8822F44D13002523A8 /* Debug */,
				4BF88E8922F44D13002523A8 /* Release */,
			);
			defaultConfigurationIsVisible = 0;
			defaultConfigurationName = Release;
		};
		4BF88E8A22F44D13002523A8 /* Build configuration list for PBXNativeTarget "github-bestsTests" */ = {
			isa = XCConfigurationList;
			buildConfigurations = (
				4BF88E8B22F44D13002523A8 /* Debug */,
				4BF88E8C22F44D13002523A8 /* Release */,
			);
			defaultConfigurationIsVisible = 0;
			defaultConfigurationName = Release;
		};
/* End XCConfigurationList section */
	};
	rootObject = 4BF88E5722F44D12002523A8 /* Project object */;
}
